// !$*UTF8*$!
{
	archiveVersion = 1;
	classes = {
	};
	objectVersion = 56;
	objects = {

/* Begin PBXBuildFile section */
		0B1A2C342C89F67000FA5562 /* logovideos.mp4 in Resources */ = {isa = PBXBuildFile; fileRef = 0B1A2C332C89F67000FA5562 /* logovideos.mp4 */; };
		0B1A2C352C89F67000FA5562 /* logovideos.mp4 in Resources */ = {isa = PBXBuildFile; fileRef = 0B1A2C332C89F67000FA5562 /* logovideos.mp4 */; };
		0B1A2C362C89F67000FA5562 /* logovideos.mp4 in Resources */ = {isa = PBXBuildFile; fileRef = 0B1A2C332C89F67000FA5562 /* logovideos.mp4 */; };
		0B6B9FD22C8977770095A28F /* AppDelegate.swift in Sources */ = {isa = PBXBuildFile; fileRef = 0B6B9FD12C8977770095A28F /* AppDelegate.swift */; };
		0B6B9FD42C8977770095A28F /* GameScene.sks in Resources */ = {isa = PBXBuildFile; fileRef = 0B6B9FD32C8977770095A28F /* GameScene.sks */; };
		0B6B9FD62C8977770095A28F /* Actions.sks in Resources */ = {isa = PBXBuildFile; fileRef = 0B6B9FD52C8977770095A28F /* Actions.sks */; };
		0B6B9FD82C8977770095A28F /* GameScene.swift in Sources */ = {isa = PBXBuildFile; fileRef = 0B6B9FD72C8977770095A28F /* GameScene.swift */; };
		0B6B9FDA2C8977770095A28F /* GameViewController.swift in Sources */ = {isa = PBXBuildFile; fileRef = 0B6B9FD92C8977770095A28F /* GameViewController.swift */; };
		0B6B9FDD2C8977770095A28F /* Base in Resources */ = {isa = PBXBuildFile; fileRef = 0B6B9FDC2C8977770095A28F /* Base */; };
		0B6B9FDF2C8977780095A28F /* Assets.xcassets in Resources */ = {isa = PBXBuildFile; fileRef = 0B6B9FDE2C8977780095A28F /* Assets.xcassets */; };
		0B6B9FE22C8977780095A28F /* Base in Resources */ = {isa = PBXBuildFile; fileRef = 0B6B9FE12C8977780095A28F /* Base */; };
		0B6B9FEC2C8977780095A28F /* Tic_Tac_ToeTests.swift in Sources */ = {isa = PBXBuildFile; fileRef = 0B6B9FEB2C8977780095A28F /* Tic_Tac_ToeTests.swift */; };
		0B6B9FF62C8977780095A28F /* Tic_Tac_ToeUITests.swift in Sources */ = {isa = PBXBuildFile; fileRef = 0B6B9FF52C8977780095A28F /* Tic_Tac_ToeUITests.swift */; };
		0B6B9FF82C8977780095A28F /* Tic_Tac_ToeUITestsLaunchTests.swift in Sources */ = {isa = PBXBuildFile; fileRef = 0B6B9FF72C8977780095A28F /* Tic_Tac_ToeUITestsLaunchTests.swift */; };
		0B6BA0092C897DF70095A28F /* Welcome View.swift in Sources */ = {isa = PBXBuildFile; fileRef = 0B6BA0082C897DF70095A28F /* Welcome View.swift */; };
		0B6BA00B2C8988E20095A28F /* TileButton.swift in Sources */ = {isa = PBXBuildFile; fileRef = 0B6BA00A2C8988E20095A28F /* TileButton.swift */; };
		0BCB12EC2C89BDA6003AD63A /* SplashScreen.swift in Sources */ = {isa = PBXBuildFile; fileRef = 0BCB12EB2C89BDA6003AD63A /* SplashScreen.swift */; };
		0BCB12EE2C89C3B9003AD63A /* logvideo.mp4 in Resources */ = {isa = PBXBuildFile; fileRef = 0BCB12ED2C89C3B9003AD63A /* logvideo.mp4 */; };
		0BCB12F02C89C4A6003AD63A /* logvideo.mp4 in Resources */ = {isa = PBXBuildFile; fileRef = 0BCB12EF2C89C4A6003AD63A /* logvideo.mp4 */; };
/* End PBXBuildFile section */

/* Begin PBXContainerItemProxy section */
		0B6B9FE82C8977780095A28F /* PBXContainerItemProxy */ = {
			isa = PBXContainerItemProxy;
			containerPortal = 0B6B9FC62C8977770095A28F /* Project object */;
			proxyType = 1;
			remoteGlobalIDString = 0B6B9FCD2C8977770095A28F;
			remoteInfo = "Tic Tac Toe";
		};
		0B6B9FF22C8977780095A28F /* PBXContainerItemProxy */ = {
			isa = PBXContainerItemProxy;
			containerPortal = 0B6B9FC62C8977770095A28F /* Project object */;
			proxyType = 1;
			remoteGlobalIDString = 0B6B9FCD2C8977770095A28F;
			remoteInfo = "Tic Tac Toe";
		};
/* End PBXContainerItemProxy section */

/* Begin PBXFileReference section */
		0B1A2C332C89F67000FA5562 /* logovideos.mp4 */ = {isa = PBXFileReference; lastKnownFileType = file; name = logovideos.mp4; path = ../../../../Downloads/logovideos.mp4; sourceTree = "<group>"; };
		0B6B9FCE2C8977770095A28F /* Tic Tac Toe.app */ = {isa = PBXFileReference; explicitFileType = wrapper.application; includeInIndex = 0; path = "Tic Tac Toe.app"; sourceTree = BUILT_PRODUCTS_DIR; };
		0B6B9FD12C8977770095A28F /* AppDelegate.swift */ = {isa = PBXFileReference; lastKnownFileType = sourcecode.swift; path = AppDelegate.swift; sourceTree = "<group>"; };
		0B6B9FD32C8977770095A28F /* GameScene.sks */ = {isa = PBXFileReference; lastKnownFileType = file.sks; path = GameScene.sks; sourceTree = "<group>"; };
		0B6B9FD52C8977770095A28F /* Actions.sks */ = {isa = PBXFileReference; lastKnownFileType = file.sks; path = Actions.sks; sourceTree = "<group>"; };
		0B6B9FD72C8977770095A28F /* GameScene.swift */ = {isa = PBXFileReference; lastKnownFileType = sourcecode.swift; path = GameScene.swift; sourceTree = "<group>"; };
		0B6B9FD92C8977770095A28F /* GameViewController.swift */ = {isa = PBXFileReference; lastKnownFileType = sourcecode.swift; path = GameViewController.swift; sourceTree = "<group>"; };
		0B6B9FDC2C8977770095A28F /* Base */ = {isa = PBXFileReference; lastKnownFileType = file.storyboard; name = Base; path = Base.lproj/Main.storyboard; sourceTree = "<group>"; };
		0B6B9FDE2C8977780095A28F /* Assets.xcassets */ = {isa = PBXFileReference; lastKnownFileType = folder.assetcatalog; path = Assets.xcassets; sourceTree = "<group>"; };
		0B6B9FE12C8977780095A28F /* Base */ = {isa = PBXFileReference; lastKnownFileType = file.storyboard; name = Base; path = Base.lproj/LaunchScreen.storyboard; sourceTree = "<group>"; };
		0B6B9FE72C8977780095A28F /* Tic Tac ToeTests.xctest */ = {isa = PBXFileReference; explicitFileType = wrapper.cfbundle; includeInIndex = 0; path = "Tic Tac ToeTests.xctest"; sourceTree = BUILT_PRODUCTS_DIR; };
		0B6B9FEB2C8977780095A28F /* Tic_Tac_ToeTests.swift */ = {isa = PBXFileReference; lastKnownFileType = sourcecode.swift; path = Tic_Tac_ToeTests.swift; sourceTree = "<group>"; };
		0B6B9FF12C8977780095A28F /* Tic Tac ToeUITests.xctest */ = {isa = PBXFileReference; explicitFileType = wrapper.cfbundle; includeInIndex = 0; path = "Tic Tac ToeUITests.xctest"; sourceTree = BUILT_PRODUCTS_DIR; };
		0B6B9FF52C8977780095A28F /* Tic_Tac_ToeUITests.swift */ = {isa = PBXFileReference; lastKnownFileType = sourcecode.swift; path = Tic_Tac_ToeUITests.swift; sourceTree = "<group>"; };
		0B6B9FF72C8977780095A28F /* Tic_Tac_ToeUITestsLaunchTests.swift */ = {isa = PBXFileReference; lastKnownFileType = sourcecode.swift; path = Tic_Tac_ToeUITestsLaunchTests.swift; sourceTree = "<group>"; };
		0B6BA0082C897DF70095A28F /* Welcome View.swift */ = {isa = PBXFileReference; lastKnownFileType = sourcecode.swift; path = "Welcome View.swift"; sourceTree = "<group>"; };
		0B6BA00A2C8988E20095A28F /* TileButton.swift */ = {isa = PBXFileReference; lastKnownFileType = sourcecode.swift; path = TileButton.swift; sourceTree = "<group>"; };
		0BCB12EB2C89BDA6003AD63A /* SplashScreen.swift */ = {isa = PBXFileReference; lastKnownFileType = sourcecode.swift; path = SplashScreen.swift; sourceTree = "<group>"; };
		0BCB12ED2C89C3B9003AD63A /* logvideo.mp4 */ = {isa = PBXFileReference; lastKnownFileType = file; name = logvideo.mp4; path = ../../../../Downloads/logvideo.mp4; sourceTree = "<group>"; };
		0BCB12EF2C89C4A6003AD63A /* logvideo.mp4 */ = {isa = PBXFileReference; lastKnownFileType = file; name = logvideo.mp4; path = ../../../../Downloads/logvideo.mp4; sourceTree = "<group>"; };
/* End PBXFileReference section */

/* Begin PBXFrameworksBuildPhase section */
		0B6B9FCB2C8977770095A28F /* Frameworks */ = {
			isa = PBXFrameworksBuildPhase;
			buildActionMask = 2147483647;
			files = (
			);
			runOnlyForDeploymentPostprocessing = 0;
		};
		0B6B9FE42C8977780095A28F /* Frameworks */ = {
			isa = PBXFrameworksBuildPhase;
			buildActionMask = 2147483647;
			files = (
			);
			runOnlyForDeploymentPostprocessing = 0;
		};
		0B6B9FEE2C8977780095A28F /* Frameworks */ = {
			isa = PBXFrameworksBuildPhase;
			buildActionMask = 2147483647;
			files = (
			);
			runOnlyForDeploymentPostprocessing = 0;
		};
/* End PBXFrameworksBuildPhase section */

/* Begin PBXGroup section */
		0B6B9FC52C8977770095A28F = {
			isa = PBXGroup;
			children = (
				0BCB12EB2C89BDA6003AD63A /* SplashScreen.swift */,
				0B6BA00A2C8988E20095A28F /* TileButton.swift */,
				0B6BA0082C897DF70095A28F /* Welcome View.swift */,
				0B6B9FD02C8977770095A28F /* Tic Tac Toe */,
				0B6B9FEA2C8977780095A28F /* Tic Tac ToeTests */,
				0B6B9FF42C8977780095A28F /* Tic Tac ToeUITests */,
				0B6B9FCF2C8977770095A28F /* Products */,
			);
			sourceTree = "<group>";
		};
		0B6B9FCF2C8977770095A28F /* Products */ = {
			isa = PBXGroup;
			children = (
				0B6B9FCE2C8977770095A28F /* Tic Tac Toe.app */,
				0B6B9FE72C8977780095A28F /* Tic Tac ToeTests.xctest */,
				0B6B9FF12C8977780095A28F /* Tic Tac ToeUITests.xctest */,
			);
			name = Products;
			sourceTree = "<group>";
		};
		0B6B9FD02C8977770095A28F /* Tic Tac Toe */ = {
			isa = PBXGroup;
			children = (
				0B6B9FD12C8977770095A28F /* AppDelegate.swift */,
				0B6B9FD32C8977770095A28F /* GameScene.sks */,
				0B6B9FD52C8977770095A28F /* Actions.sks */,
				0B6B9FD72C8977770095A28F /* GameScene.swift */,
				0B6B9FD92C8977770095A28F /* GameViewController.swift */,
				0B6B9FDB2C8977770095A28F /* Main.storyboard */,
				0B6B9FDE2C8977780095A28F /* Assets.xcassets */,
				0B6B9FE02C8977780095A28F /* LaunchScreen.storyboard */,
			);
			path = "Tic Tac Toe";
			sourceTree = "<group>";
		};
		0B6B9FEA2C8977780095A28F /* Tic Tac ToeTests */ = {
			isa = PBXGroup;
			children = (
				0B6B9FEB2C8977780095A28F /* Tic_Tac_ToeTests.swift */,
			);
			path = "Tic Tac ToeTests";
			sourceTree = "<group>";
		};
		0B6B9FF42C8977780095A28F /* Tic Tac ToeUITests */ = {
			isa = PBXGroup;
			children = (
				0B1A2C332C89F67000FA5562 /* logovideos.mp4 */,
				0BCB12EF2C89C4A6003AD63A /* logvideo.mp4 */,
				0BCB12ED2C89C3B9003AD63A /* logvideo.mp4 */,
				0B6B9FF52C8977780095A28F /* Tic_Tac_ToeUITests.swift */,
				0B6B9FF72C8977780095A28F /* Tic_Tac_ToeUITestsLaunchTests.swift */,
			);
			path = "Tic Tac ToeUITests";
			sourceTree = "<group>";
		};
/* End PBXGroup section */

/* Begin PBXNativeTarget section */
		0B6B9FCD2C8977770095A28F /* Tic Tac Toe */ = {
			isa = PBXNativeTarget;
			buildConfigurationList = 0B6B9FFB2C8977780095A28F /* Build configuration list for PBXNativeTarget "Tic Tac Toe" */;
			buildPhases = (
				0B6B9FCA2C8977770095A28F /* Sources */,
				0B6B9FCB2C8977770095A28F /* Frameworks */,
				0B6B9FCC2C8977770095A28F /* Resources */,
			);
			buildRules = (
			);
			dependencies = (
			);
			name = "Tic Tac Toe";
			productName = "Tic Tac Toe";
			productReference = 0B6B9FCE2C8977770095A28F /* Tic Tac Toe.app */;
			productType = "com.apple.product-type.application";
		};
		0B6B9FE62C8977780095A28F /* Tic Tac ToeTests */ = {
			isa = PBXNativeTarget;
			buildConfigurationList = 0B6B9FFE2C8977780095A28F /* Build configuration list for PBXNativeTarget "Tic Tac ToeTests" */;
			buildPhases = (
				0B6B9FE32C8977780095A28F /* Sources */,
				0B6B9FE42C8977780095A28F /* Frameworks */,
				0B6B9FE52C8977780095A28F /* Resources */,
			);
			buildRules = (
			);
			dependencies = (
				0B6B9FE92C8977780095A28F /* PBXTargetDependency */,
			);
			name = "Tic Tac ToeTests";
			productName = "Tic Tac ToeTests";
			productReference = 0B6B9FE72C8977780095A28F /* Tic Tac ToeTests.xctest */;
			productType = "com.apple.product-type.bundle.unit-test";
		};
		0B6B9FF02C8977780095A28F /* Tic Tac ToeUITests */ = {
			isa = PBXNativeTarget;
			buildConfigurationList = 0B6BA0012C8977780095A28F /* Build configuration list for PBXNativeTarget "Tic Tac ToeUITests" */;
			buildPhases = (
				0B6B9FED2C8977780095A28F /* Sources */,
				0B6B9FEE2C8977780095A28F /* Frameworks */,
				0B6B9FEF2C8977780095A28F /* Resources */,
			);
			buildRules = (
			);
			dependencies = (
				0B6B9FF32C8977780095A28F /* PBXTargetDependency */,
			);
			name = "Tic Tac ToeUITests";
			productName = "Tic Tac ToeUITests";
			productReference = 0B6B9FF12C8977780095A28F /* Tic Tac ToeUITests.xctest */;
			productType = "com.apple.product-type.bundle.ui-testing";
		};
/* End PBXNativeTarget section */

/* Begin PBXProject section */
		0B6B9FC62C8977770095A28F /* Project object */ = {
			isa = PBXProject;
			attributes = {
				BuildIndependentTargetsInParallel = 1;
				LastSwiftUpdateCheck = 1540;
				LastUpgradeCheck = 1540;
				TargetAttributes = {
					0B6B9FCD2C8977770095A28F = {
						CreatedOnToolsVersion = 15.4;
					};
					0B6B9FE62C8977780095A28F = {
						CreatedOnToolsVersion = 15.4;
						TestTargetID = 0B6B9FCD2C8977770095A28F;
					};
					0B6B9FF02C8977780095A28F = {
						CreatedOnToolsVersion = 15.4;
						TestTargetID = 0B6B9FCD2C8977770095A28F;
					};
				};
			};
			buildConfigurationList = 0B6B9FC92C8977770095A28F /* Build configuration list for PBXProject "Tic Tac Toe" */;
			compatibilityVersion = "Xcode 14.0";
			developmentRegion = en;
			hasScannedForEncodings = 0;
			knownRegions = (
				en,
				Base,
			);
			mainGroup = 0B6B9FC52C8977770095A28F;
			productRefGroup = 0B6B9FCF2C8977770095A28F /* Products */;
			projectDirPath = "";
			projectRoot = "";
			targets = (
				0B6B9FCD2C8977770095A28F /* Tic Tac Toe */,
				0B6B9FE62C8977780095A28F /* Tic Tac ToeTests */,
				0B6B9FF02C8977780095A28F /* Tic Tac ToeUITests */,
			);
		};
/* End PBXProject section */

/* Begin PBXResourcesBuildPhase section */
		0B6B9FCC2C8977770095A28F /* Resources */ = {
			isa = PBXResourcesBuildPhase;
			buildActionMask = 2147483647;
			files = (
				0B1A2C342C89F67000FA5562 /* logovideos.mp4 in Resources */,
				0B6B9FD42C8977770095A28F /* GameScene.sks in Resources */,
				0BCB12F02C89C4A6003AD63A /* logvideo.mp4 in Resources */,
				0B6B9FDD2C8977770095A28F /* Base in Resources */,
				0BCB12EE2C89C3B9003AD63A /* logvideo.mp4 in Resources */,
				0B6B9FDF2C8977780095A28F /* Assets.xcassets in Resources */,
				0B6B9FD62C8977770095A28F /* Actions.sks in Resources */,
				0B6B9FE22C8977780095A28F /* Base in Resources */,
			);
			runOnlyForDeploymentPostprocessing = 0;
		};
		0B6B9FE52C8977780095A28F /* Resources */ = {
			isa = PBXResourcesBuildPhase;
			buildActionMask = 2147483647;
			files = (
				0B1A2C352C89F67000FA5562 /* logovideos.mp4 in Resources */,
			);
			runOnlyForDeploymentPostprocessing = 0;
		};
		0B6B9FEF2C8977780095A28F /* Resources */ = {
			isa = PBXResourcesBuildPhase;
			buildActionMask = 2147483647;
			files = (
				0B1A2C362C89F67000FA5562 /* logovideos.mp4 in Resources */,
			);
			runOnlyForDeploymentPostprocessing = 0;
		};
/* End PBXResourcesBuildPhase section */

/* Begin PBXSourcesBuildPhase section */
		0B6B9FCA2C8977770095A28F /* Sources */ = {
			isa = PBXSourcesBuildPhase;
			buildActionMask = 2147483647;
			files = (
				0BCB12EC2C89BDA6003AD63A /* SplashScreen.swift in Sources */,
				0B6B9FD82C8977770095A28F /* GameScene.swift in Sources */,
				0B6B9FDA2C8977770095A28F /* GameViewController.swift in Sources */,
				0B6BA0092C897DF70095A28F /* Welcome View.swift in Sources */,
				0B6BA00B2C8988E20095A28F /* TileButton.swift in Sources */,
				0B6B9FD22C8977770095A28F /* AppDelegate.swift in Sources */,
			);
			runOnlyForDeploymentPostprocessing = 0;
		};
		0B6B9FE32C8977780095A28F /* Sources */ = {
			isa = PBXSourcesBuildPhase;
			buildActionMask = 2147483647;
			files = (
				0B6B9FEC2C8977780095A28F /* Tic_Tac_ToeTests.swift in Sources */,
			);
			runOnlyForDeploymentPostprocessing = 0;
		};
		0B6B9FED2C8977780095A28F /* Sources */ = {
			isa = PBXSourcesBuildPhase;
			buildActionMask = 2147483647;
			files = (
				0B6B9FF62C8977780095A28F /* Tic_Tac_ToeUITests.swift in Sources */,
				0B6B9FF82C8977780095A28F /* Tic_Tac_ToeUITestsLaunchTests.swift in Sources */,
			);
			runOnlyForDeploymentPostprocessing = 0;
		};
/* End PBXSourcesBuildPhase section */

/* Begin PBXTargetDependency section */
		0B6B9FE92C8977780095A28F /* PBXTargetDependency */ = {
			isa = PBXTargetDependency;
			target = 0B6B9FCD2C8977770095A28F /* Tic Tac Toe */;
			targetProxy = 0B6B9FE82C8977780095A28F /* PBXContainerItemProxy */;
		};
		0B6B9FF32C8977780095A28F /* PBXTargetDependency */ = {
			isa = PBXTargetDependency;
			target = 0B6B9FCD2C8977770095A28F /* Tic Tac Toe */;
			targetProxy = 0B6B9FF22C8977780095A28F /* PBXContainerItemProxy */;
		};
/* End PBXTargetDependency section */

/* Begin PBXVariantGroup section */
		0B6B9FDB2C8977770095A28F /* Main.storyboard */ = {
			isa = PBXVariantGroup;
			children = (
				0B6B9FDC2C8977770095A28F /* Base */,
			);
			name = Main.storyboard;
			sourceTree = "<group>";
		};
		0B6B9FE02C8977780095A28F /* LaunchScreen.storyboard */ = {
			isa = PBXVariantGroup;
			children = (
				0B6B9FE12C8977780095A28F /* Base */,
			);
			name = LaunchScreen.storyboard;
			sourceTree = "<group>";
		};
/* End PBXVariantGroup section */

/* Begin XCBuildConfiguration section */
		0B6B9FF92C8977780095A28F /* Debug */ = {
			isa = XCBuildConfiguration;
			buildSettings = {
				ALWAYS_SEARCH_USER_PATHS = NO;
				ASSETCATALOG_COMPILER_GENERATE_SWIFT_ASSET_SYMBOL_EXTENSIONS = YES;
				CLANG_ANALYZER_NONNULL = YES;
				CLANG_ANALYZER_NUMBER_OBJECT_CONVERSION = YES_AGGRESSIVE;
				CLANG_CXX_LANGUAGE_STANDARD = "gnu++20";
				CLANG_ENABLE_MODULES = YES;
				CLANG_ENABLE_OBJC_ARC = YES;
				CLANG_ENABLE_OBJC_WEAK = YES;
				CLANG_WARN_BLOCK_CAPTURE_AUTORELEASING = YES;
				CLANG_WARN_BOOL_CONVERSION = YES;
				CLANG_WARN_COMMA = YES;
				CLANG_WARN_CONSTANT_CONVERSION = YES;
				CLANG_WARN_DEPRECATED_OBJC_IMPLEMENTATIONS = YES;
				CLANG_WARN_DIRECT_OBJC_ISA_USAGE = YES_ERROR;
				CLANG_WARN_DOCUMENTATION_COMMENTS = YES;
				CLANG_WARN_EMPTY_BODY = YES;
				CLANG_WARN_ENUM_CONVERSION = YES;
				CLANG_WARN_INFINITE_RECURSION = YES;
				CLANG_WARN_INT_CONVERSION = YES;
				CLANG_WARN_NON_LITERAL_NULL_CONVERSION = YES;
				CLANG_WARN_OBJC_IMPLICIT_RETAIN_SELF = YES;
				CLANG_WARN_OBJC_LITERAL_CONVERSION = YES;
				CLANG_WARN_OBJC_ROOT_CLASS = YES_ERROR;
				CLANG_WARN_QUOTED_INCLUDE_IN_FRAMEWORK_HEADER = YES;
				CLANG_WARN_RANGE_LOOP_ANALYSIS = YES;
				CLANG_WARN_STRICT_PROTOTYPES = YES;
				CLANG_WARN_SUSPICIOUS_MOVE = YES;
				CLANG_WARN_UNGUARDED_AVAILABILITY = YES_AGGRESSIVE;
				CLANG_WARN_UNREACHABLE_CODE = YES;
				CLANG_WARN__DUPLICATE_METHOD_MATCH = YES;
				COPY_PHASE_STRIP = NO;
				DEBUG_INFORMATION_FORMAT = dwarf;
				ENABLE_STRICT_OBJC_MSGSEND = YES;
				ENABLE_TESTABILITY = YES;
				ENABLE_USER_SCRIPT_SANDBOXING = YES;
				GCC_C_LANGUAGE_STANDARD = gnu17;
				GCC_DYNAMIC_NO_PIC = NO;
				GCC_NO_COMMON_BLOCKS = YES;
				GCC_OPTIMIZATION_LEVEL = 0;
				GCC_PREPROCESSOR_DEFINITIONS = (
					"DEBUG=1",
					"$(inherited)",
				);
				GCC_WARN_64_TO_32_BIT_CONVERSION = YES;
				GCC_WARN_ABOUT_RETURN_TYPE = YES_ERROR;
				GCC_WARN_UNDECLARED_SELECTOR = YES;
				GCC_WARN_UNINITIALIZED_AUTOS = YES_AGGRESSIVE;
				GCC_WARN_UNUSED_FUNCTION = YES;
				GCC_WARN_UNUSED_VARIABLE = YES;
				IPHONEOS_DEPLOYMENT_TARGET = 17.5;
				LOCALIZATION_PREFERS_STRING_CATALOGS = YES;
				MTL_ENABLE_DEBUG_INFO = INCLUDE_SOURCE;
				MTL_FAST_MATH = YES;
				ONLY_ACTIVE_ARCH = YES;
				SDKROOT = iphoneos;
				SWIFT_ACTIVE_COMPILATION_CONDITIONS = "DEBUG $(inherited)";
				SWIFT_OPTIMIZATION_LEVEL = "-Onone";
			};
			name = Debug;
		};
		0B6B9FFA2C8977780095A28F /* Release */ = {
			isa = XCBuildConfiguration;
			buildSettings = {
				ALWAYS_SEARCH_USER_PATHS = NO;
				ASSETCATALOG_COMPILER_GENERATE_SWIFT_ASSET_SYMBOL_EXTENSIONS = YES;
				CLANG_ANALYZER_NONNULL = YES;
				CLANG_ANALYZER_NUMBER_OBJECT_CONVERSION = YES_AGGRESSIVE;
				CLANG_CXX_LANGUAGE_STANDARD = "gnu++20";
				CLANG_ENABLE_MODULES = YES;
				CLANG_ENABLE_OBJC_ARC = YES;
				CLANG_ENABLE_OBJC_WEAK = YES;
				CLANG_WARN_BLOCK_CAPTURE_AUTORELEASING = YES;
				CLANG_WARN_BOOL_CONVERSION = YES;
				CLANG_WARN_COMMA = YES;
				CLANG_WARN_CONSTANT_CONVERSION = YES;
				CLANG_WARN_DEPRECATED_OBJC_IMPLEMENTATIONS = YES;
				CLANG_WARN_DIRECT_OBJC_ISA_USAGE = YES_ERROR;
				CLANG_WARN_DOCUMENTATION_COMMENTS = YES;
				CLANG_WARN_EMPTY_BODY = YES;
				CLANG_WARN_ENUM_CONVERSION = YES;
				CLANG_WARN_INFINITE_RECURSION = YES;
				CLANG_WARN_INT_CONVERSION = YES;
				CLANG_WARN_NON_LITERAL_NULL_CONVERSION = YES;
				CLANG_WARN_OBJC_IMPLICIT_RETAIN_SELF = YES;
				CLANG_WARN_OBJC_LITERAL_CONVERSION = YES;
				CLANG_WARN_OBJC_ROOT_CLASS = YES_ERROR;
				CLANG_WARN_QUOTED_INCLUDE_IN_FRAMEWORK_HEADER = YES;
				CLANG_WARN_RANGE_LOOP_ANALYSIS = YES;
				CLANG_WARN_STRICT_PROTOTYPES = YES;
				CLANG_WARN_SUSPICIOUS_MOVE = YES;
				CLANG_WARN_UNGUARDED_AVAILABILITY = YES_AGGRESSIVE;
				CLANG_WARN_UNREACHABLE_CODE = YES;
				CLANG_WARN__DUPLICATE_METHOD_MATCH = YES;
				COPY_PHASE_STRIP = NO;
				DEBUG_INFORMATION_FORMAT = "dwarf-with-dsym";
				ENABLE_NS_ASSERTIONS = NO;
				ENABLE_STRICT_OBJC_MSGSEND = YES;
				ENABLE_USER_SCRIPT_SANDBOXING = YES;
				GCC_C_LANGUAGE_STANDARD = gnu17;
				GCC_NO_COMMON_BLOCKS = YES;
				GCC_WARN_64_TO_32_BIT_CONVERSION = YES;
				GCC_WARN_ABOUT_RETURN_TYPE = YES_ERROR;
				GCC_WARN_UNDECLARED_SELECTOR = YES;
				GCC_WARN_UNINITIALIZED_AUTOS = YES_AGGRESSIVE;
				GCC_WARN_UNUSED_FUNCTION = YES;
				GCC_WARN_UNUSED_VARIABLE = YES;
				IPHONEOS_DEPLOYMENT_TARGET = 17.5;
				LOCALIZATION_PREFERS_STRING_CATALOGS = YES;
				MTL_ENABLE_DEBUG_INFO = NO;
				MTL_FAST_MATH = YES;
				SDKROOT = iphoneos;
				SWIFT_COMPILATION_MODE = wholemodule;
				VALIDATE_PRODUCT = YES;
			};
			name = Release;
		};
		0B6B9FFC2C8977780095A28F /* Debug */ = {
			isa = XCBuildConfiguration;
			buildSettings = {
				ASSETCATALOG_COMPILER_APPICON_NAME = AppIcon;
				ASSETCATALOG_COMPILER_GLOBAL_ACCENT_COLOR_NAME = AccentColor;
				CODE_SIGN_STYLE = Automatic;
				CURRENT_PROJECT_VERSION = 1;
				DEVELOPMENT_TEAM = SX9Q75M9HW;
				GENERATE_INFOPLIST_FILE = YES;
				INFOPLIST_KEY_CFBundleDisplayName = "Tic Tac Toe";
				INFOPLIST_KEY_LSApplicationCategoryType = "public.app-category.games";
				INFOPLIST_KEY_UIApplicationSupportsIndirectInputEvents = YES;
				INFOPLIST_KEY_UILaunchStoryboardName = LaunchScreen;
				INFOPLIST_KEY_UIMainStoryboardFile = Main;
				INFOPLIST_KEY_UIStatusBarHidden = YES;
				INFOPLIST_KEY_UISupportedInterfaceOrientations_iPad = "UIInterfaceOrientationPortrait UIInterfaceOrientationPortraitUpsideDown UIInterfaceOrientationLandscapeLeft UIInterfaceOrientationLandscapeRight";
				INFOPLIST_KEY_UISupportedInterfaceOrientations_iPhone = "UIInterfaceOrientationPortrait UIInterfaceOrientationLandscapeLeft UIInterfaceOrientationLandscapeRight";
				LD_RUNPATH_SEARCH_PATHS = (
					"$(inherited)",
					"@executable_path/Frameworks",
				);
				MARKETING_VERSION = 1.0;
				PRODUCT_BUNDLE_IDENTIFIER = "Maliyakkal.Tic-Tac-Toe";
				PRODUCT_NAME = "$(TARGET_NAME)";
				SWIFT_EMIT_LOC_STRINGS = YES;
				SWIFT_VERSION = 5.0;
				TARGETED_DEVICE_FAMILY = "1,2";
			};
			name = Debug;
		};
		0B6B9FFD2C8977780095A28F /* Release */ = {
			isa = XCBuildConfiguration;
			buildSettings = {
				ASSETCATALOG_COMPILER_APPICON_NAME = AppIcon;
				ASSETCATALOG_COMPILER_GLOBAL_ACCENT_COLOR_NAME = AccentColor;
				CODE_SIGN_STYLE = Automatic;
				CURRENT_PROJECT_VERSION = 1;
				DEVELOPMENT_TEAM = SX9Q75M9HW;
				GENERATE_INFOPLIST_FILE = YES;
				INFOPLIST_KEY_CFBundleDisplayName = "Tic Tac Toe";
				INFOPLIST_KEY_LSApplicationCategoryType = "public.app-category.games";
				INFOPLIST_KEY_UIApplicationSupportsIndirectInputEvents = YES;
				INFOPLIST_KEY_UILaunchStoryboardName = LaunchScreen;
				INFOPLIST_KEY_UIMainStoryboardFile = Main;
				INFOPLIST_KEY_UIStatusBarHidden = YES;
				INFOPLIST_KEY_UISupportedInterfaceOrientations_iPad = "UIInterfaceOrientationPortrait UIInterfaceOrientationPortraitUpsideDown UIInterfaceOrientationLandscapeLeft UIInterfaceOrientationLandscapeRight";
				INFOPLIST_KEY_UISupportedInterfaceOrientations_iPhone = "UIInterfaceOrientationPortrait UIInterfaceOrientationLandscapeLeft UIInterfaceOrientationLandscapeRight";
				LD_RUNPATH_SEARCH_PATHS = (
					"$(inherited)",
					"@executable_path/Frameworks",
				);
				MARKETING_VERSION = 1.0;
				PRODUCT_BUNDLE_IDENTIFIER = "Maliyakkal.Tic-Tac-Toe";
				PRODUCT_NAME = "$(TARGET_NAME)";
				SWIFT_EMIT_LOC_STRINGS = YES;
				SWIFT_VERSION = 5.0;
				TARGETED_DEVICE_FAMILY = "1,2";
			};
			name = Release;
		};
		0B6B9FFF2C8977780095A28F /* Debug */ = {
			isa = XCBuildConfiguration;
			buildSettings = {
				ALWAYS_EMBED_SWIFT_STANDARD_LIBRARIES = YES;
				BUNDLE_LOADER = "$(TEST_HOST)";
				CODE_SIGN_STYLE = Automatic;
				CURRENT_PROJECT_VERSION = 1;
				GENERATE_INFOPLIST_FILE = YES;
				IPHONEOS_DEPLOYMENT_TARGET = 17.5;
				MARKETING_VERSION = 1.0;
				PRODUCT_BUNDLE_IDENTIFIER = "Maliyakkal.Tic-Tac-ToeTests";
				PRODUCT_NAME = "$(TARGET_NAME)";
				SWIFT_EMIT_LOC_STRINGS = NO;
				SWIFT_VERSION = 5.0;
				TARGETED_DEVICE_FAMILY = "1,2";
				TEST_HOST = "$(BUILT_PRODUCTS_DIR)/Tic Tac Toe.app/$(BUNDLE_EXECUTABLE_FOLDER_PATH)/Tic Tac Toe";
			};
			name = Debug;
		};
		0B6BA0002C8977780095A28F /* Release */ = {
			isa = XCBuildConfiguration;
			buildSettings = {
				ALWAYS_EMBED_SWIFT_STANDARD_LIBRARIES = YES;
				BUNDLE_LOADER = "$(TEST_HOST)";
				CODE_SIGN_STYLE = Automatic;
				CURRENT_PROJECT_VERSION = 1;
				GENERATE_INFOPLIST_FILE = YES;
				IPHONEOS_DEPLOYMENT_TARGET = 17.5;
				MARKETING_VERSION = 1.0;
				PRODUCT_BUNDLE_IDENTIFIER = "Maliyakkal.Tic-Tac-ToeTests";
				PRODUCT_NAME = "$(TARGET_NAME)";
				SWIFT_EMIT_LOC_STRINGS = NO;
				SWIFT_VERSION = 5.0;
				TARGETED_DEVICE_FAMILY = "1,2";
				TEST_HOST = "$(BUILT_PRODUCTS_DIR)/Tic Tac Toe.app/$(BUNDLE_EXECUTABLE_FOLDER_PATH)/Tic Tac Toe";
			};
			name = Release;
		};
		0B6BA0022C8977780095A28F /* Debug */ = {
			isa = XCBuildConfiguration;
			buildSettings = {
				ALWAYS_EMBED_SWIFT_STANDARD_LIBRARIES = YES;
				CODE_SIGN_STYLE = Automatic;
				CURRENT_PROJECT_VERSION = 1;
				GENERATE_INFOPLIST_FILE = YES;
				MARKETING_VERSION = 1.0;
				PRODUCT_BUNDLE_IDENTIFIER = "Maliyakkal.Tic-Tac-ToeUITests";
				PRODUCT_NAME = "$(TARGET_NAME)";
				SWIFT_EMIT_LOC_STRINGS = NO;
				SWIFT_VERSION = 5.0;
				TARGETED_DEVICE_FAMILY = "1,2";
				TEST_TARGET_NAME = "Tic Tac Toe";
			};
			name = Debug;
		};
		0B6BA0032C8977780095A28F /* Release */ = {
			isa = XCBuildConfiguration;
			buildSettings = {
				ALWAYS_EMBED_SWIFT_STANDARD_LIBRARIES = YES;
				CODE_SIGN_STYLE = Automatic;
				CURRENT_PROJECT_VERSION = 1;
				GENERATE_INFOPLIST_FILE = YES;
				MARKETING_VERSION = 1.0;
				PRODUCT_BUNDLE_IDENTIFIER = "Maliyakkal.Tic-Tac-ToeUITests";
				PRODUCT_NAME = "$(TARGET_NAME)";
				SWIFT_EMIT_LOC_STRINGS = NO;
				SWIFT_VERSION = 5.0;
				TARGETED_DEVICE_FAMILY = "1,2";
				TEST_TARGET_NAME = "Tic Tac Toe";
			};
			name = Release;
		};
/* End XCBuildConfiguration section */

/* Begin XCConfigurationList section */
		0B6B9FC92C8977770095A28F /* Build configuration list for PBXProject "Tic Tac Toe" */ = {
			isa = XCConfigurationList;
			buildConfigurations = (
				0B6B9FF92C8977780095A28F /* Debug */,
				0B6B9FFA2C8977780095A28F /* Release */,
			);
			defaultConfigurationIsVisible = 0;
			defaultConfigurationName = Release;
		};
		0B6B9FFB2C8977780095A28F /* Build configuration list for PBXNativeTarget "Tic Tac Toe" */ = {
			isa = XCConfigurationList;
			buildConfigurations = (
				0B6B9FFC2C8977780095A28F /* Debug */,
				0B6B9FFD2C8977780095A28F /* Release */,
			);
			defaultConfigurationIsVisible = 0;
			defaultConfigurationName = Release;
		};
		0B6B9FFE2C8977780095A28F /* Build configuration list for PBXNativeTarget "Tic Tac ToeTests" */ = {
			isa = XCConfigurationList;
			buildConfigurations = (
				0B6B9FFF2C8977780095A28F /* Debug */,
				0B6BA0002C8977780095A28F /* Release */,
			);
			defaultConfigurationIsVisible = 0;
			defaultConfigurationName = Release;
		};
		0B6BA0012C8977780095A28F /* Build configuration list for PBXNativeTarget "Tic Tac ToeUITests" */ = {
			isa = XCConfigurationList;
			buildConfigurations = (
				0B6BA0022C8977780095A28F /* Debug */,
				0B6BA0032C8977780095A28F /* Release */,
			);
			defaultConfigurationIsVisible = 0;
			defaultConfigurationName = Release;
		};
/* End XCConfigurationList section */
	};
	rootObject = 0B6B9FC62C8977770095A28F /* Project object */;
}
